// !$*UTF8*$!
{
	archiveVersion = 1;
	classes = {
	};
	objectVersion = 77;
	objects = {

/* Begin PBXBuildFile section */
		F9B36D192FBC47C0006BCED0 /* SnapKit in Frameworks */ = {isa = PBXBuildFile; productRef = F9B36D182FBC47C0006BCED0 /* SnapKit */; };
		F9B36D1C2FBC47E8006BCED0 /* Then in Frameworks */ = {isa = PBXBuildFile; productRef = F9B36D1B2FBC47E8006BCED0 /* Then */; };
		F9B36D1F2FBC4848006BCED0 /* ReactorKit in Frameworks */ = {isa = PBXBuildFile; productRef = F9B36D1E2FBC4848006BCED0 /* ReactorKit */; };
		F9B36D222FBC4BE3006BCED0 /* RxFlow in Frameworks */ = {isa = PBXBuildFile; productRef = F9B36D212FBC4BE3006BCED0 /* RxFlow */; };
		F9B36D252FBC4C09006BCED0 /* RxCocoa in Frameworks */ = {isa = PBXBuildFile; productRef = F9B36D242FBC4C09006BCED0 /* RxCocoa */; };
		F9B36D272FBC4C09006BCED0 /* RxRelay in Frameworks */ = {isa = PBXBuildFile; productRef = F9B36D262FBC4C09006BCED0 /* RxRelay */; };
		F9B36D292FBC4C09006BCED0 /* RxSwift in Frameworks */ = {isa = PBXBuildFile; productRef = F9B36D282FBC4C09006BCED0 /* RxSwift */; };
		F9B36D2C2FBC4C4B006BCED0 /* Alamofire in Frameworks */ = {isa = PBXBuildFile; productRef = F9B36D2B2FBC4C4B006BCED0 /* Alamofire */; };
		F9B36D2F2FBC4C6E006BCED0 /* Kingfisher in Frameworks */ = {isa = PBXBuildFile; productRef = F9B36D2E2FBC4C6E006BCED0 /* Kingfisher */; };
		F9B36D322FBD0000006BCED0 /* NMapsMap in Frameworks */ = {isa = PBXBuildFile; productRef = F9B36D312FBD0000006BCED0 /* NMapsMap */; };
/* End PBXBuildFile section */

/* Begin PBXFileReference section */
		F9B36CFB2FBC13FB006BCED0 /* WhereToFit.app */ = {isa = PBXFileReference; explicitFileType = wrapper.application; includeInIndex = 0; path = WhereToFit.app; sourceTree = BUILT_PRODUCTS_DIR; };
/* End PBXFileReference section */

/* Begin PBXFileSystemSynchronizedBuildFileExceptionSet section */
		F9B36D112FBC13FD006BCED0 /* Exceptions for "WhereToFit" folder in "WhereToFit" target */ = {
			isa = PBXFileSystemSynchronizedBuildFileExceptionSet;
			membershipExceptions = (
				Info.plist,
			);
			target = F9B36CFA2FBC13FB006BCED0 /* WhereToFit */;
		};
/* End PBXFileSystemSynchronizedBuildFileExceptionSet section */

/* Begin PBXFileSystemSynchronizedRootGroup section */
		F9B36CFD2FBC13FB006BCED0 /* WhereToFit */ = {
			isa = PBXFileSystemSynchronizedRootGroup;
			exceptions = (
				F9B36D112FBC13FD006BCED0 /* Exceptions for "WhereToFit" folder in "WhereToFit" target */,
			);
			path = WhereToFit;
			sourceTree = "<group>";
		};
/* End PBXFileSystemSynchronizedRootGroup section */

/* Begin PBXFrameworksBuildPhase section */
		F9B36CF82FBC13FB006BCED0 /* Frameworks */ = {
			isa = PBXFrameworksBuildPhase;
			buildActionMask = 2147483647;
			files = (
				F9B36D272FBC4C09006BCED0 /* RxRelay in Frameworks */,
				F9B36D2C2FBC4C4B006BCED0 /* Alamofire in Frameworks */,
				F9B36D222FBC4BE3006BCED0 /* RxFlow in Frameworks */,
				F9B36D2F2FBC4C6E006BCED0 /* Kingfisher in Frameworks */,
				F9B36D192FBC47C0006BCED0 /* SnapKit in Frameworks */,
				F9B36D252FBC4C09006BCED0 /* RxCocoa in Frameworks */,
				F9B36D1F2FBC4848006BCED0 /* ReactorKit in Frameworks */,
				F9B36D1C2FBC47E8006BCED0 /* Then in Frameworks */,
				F9B36D322FBD0000006BCED0 /* NMapsMap in Frameworks */,
				F9B36D292FBC4C09006BCED0 /* RxSwift in Frameworks */,
			);
			runOnlyForDeploymentPostprocessing = 0;
		};
/* End PBXFrameworksBuildPhase section */

/* Begin PBXGroup section */
		F9B36CF22FBC13FB006BCED0 = {
			isa = PBXGroup;
			children = (
				F9B36CFD2FBC13FB006BCED0 /* WhereToFit */,
				F9B36CFC2FBC13FB006BCED0 /* Products */,
			);
			sourceTree = "<group>";
		};
		F9B36CFC2FBC13FB006BCED0 /* Products */ = {
			isa = PBXGroup;
			children = (
				F9B36CFB2FBC13FB006BCED0 /* WhereToFit.app */,
			);
			name = Products;
			sourceTree = "<group>";
		};
/* End PBXGroup section */

/* Begin PBXNativeTarget section */
		F9B36CFA2FBC13FB006BCED0 /* WhereToFit */ = {
			isa = PBXNativeTarget;
			buildConfigurationList = F9B36D122FBC13FD006BCED0 /* Build configuration list for PBXNativeTarget "WhereToFit" */;
			buildPhases = (
				F9B36CF72FBC13FB006BCED0 /* Sources */,
				F9B36CF82FBC13FB006BCED0 /* Frameworks */,
				F9B36CF92FBC13FB006BCED0 /* Resources */,
			);
			buildRules = (
			);
			dependencies = (
			);
			fileSystemSynchronizedGroups = (
				F9B36CFD2FBC13FB006BCED0 /* WhereToFit */,
			);
			name = WhereToFit;
			packageProductDependencies = (
				F9B36D182FBC47C0006BCED0 /* SnapKit */,
				F9B36D1B2FBC47E8006BCED0 /* Then */,
				F9B36D1E2FBC4848006BCED0 /* ReactorKit */,
				F9B36D212FBC4BE3006BCED0 /* RxFlow */,
				F9B36D242FBC4C09006BCED0 /* RxCocoa */,
				F9B36D262FBC4C09006BCED0 /* RxRelay */,
				F9B36D282FBC4C09006BCED0 /* RxSwift */,
				F9B36D2B2FBC4C4B006BCED0 /* Alamofire */,
				F9B36D2E2FBC4C6E006BCED0 /* Kingfisher */,
				F9B36D312FBD0000006BCED0 /* NMapsMap */,
			);
			productName = Gymap;
			productReference = F9B36CFB2FBC13FB006BCED0 /* WhereToFit.app */;
			productType = "com.apple.product-type.application";
		};
/* End PBXNativeTarget section */

/* Begin PBXProject section */
		F9B36CF32FBC13FB006BCED0 /* Project object */ = {
			isa = PBXProject;
			attributes = {
				BuildIndependentTargetsInParallel = 1;
				LastSwiftUpdateCheck = 2650;
				LastUpgradeCheck = 2650;
				TargetAttributes = {
					F9B36CFA2FBC13FB006BCED0 = {
						CreatedOnToolsVersion = 26.5;
					};
				};
			};
			buildConfigurationList = F9B36CF62FBC13FB006BCED0 /* Build configuration list for PBXProject "WhereToFit" */;
			developmentRegion = en;
			hasScannedForEncodings = 0;
			knownRegions = (
				en,
				Base,
			);
			mainGroup = F9B36CF22FBC13FB006BCED0;
			minimizedProjectReferenceProxies = 1;
			packageReferences = (
				F9B36D172FBC47C0006BCED0 /* XCRemoteSwiftPackageReference "SnapKit" */,
				F9B36D1A2FBC47E8006BCED0 /* XCRemoteSwiftPackageReference "Then" */,
				F9B36D1D2FBC4848006BCED0 /* XCRemoteSwiftPackageReference "ReactorKit" */,
				F9B36D202FBC4BE3006BCED0 /* XCRemoteSwiftPackageReference "RxFlow" */,
				F9B36D232FBC4C09006BCED0 /* XCRemoteSwiftPackageReference "rxswift" */,
				F9B36D2A2FBC4C4B006BCED0 /* XCRemoteSwiftPackageReference "Alamofire" */,
				F9B36D2D2FBC4C6E006BCED0 /* XCRemoteSwiftPackageReference "Kingfisher" */,
				F9B36D302FBD0000006BCED0 /* XCRemoteSwiftPackageReference "SPM-NMapsMap" */,
			);
			preferredProjectObjectVersion = 77;
			productRefGroup = F9B36CFC2FBC13FB006BCED0 /* Products */;
			projectDirPath = "";
			projectRoot = "";
			targets = (
				F9B36CFA2FBC13FB006BCED0 /* WhereToFit */,
			);
		};
/* End PBXProject section */

/* Begin PBXResourcesBuildPhase section */
		F9B36CF92FBC13FB006BCED0 /* Resources */ = {
			isa = PBXResourcesBuildPhase;
			buildActionMask = 2147483647;
			files = (
			);
			runOnlyForDeploymentPostprocessing = 0;
		};
/* End PBXResourcesBuildPhase section */

/* Begin PBXSourcesBuildPhase section */
		F9B36CF72FBC13FB006BCED0 /* Sources */ = {
			isa = PBXSourcesBuildPhase;
			buildActionMask = 2147483647;
			files = (
			);
			runOnlyForDeploymentPostprocessing = 0;
		};
/* End PBXSourcesBuildPhase section */

/* Begin XCBuildConfiguration section */
		F9B36D132FBC13FD006BCED0 /* Debug */ = {
			isa = XCBuildConfiguration;
			buildSettings = {
				ASSETCATALOG_COMPILER_APPICON_NAME = AppIcon;
				ASSETCATALOG_COMPILER_GLOBAL_ACCENT_COLOR_NAME = AccentColor;
				CODE_SIGN_ENTITLEMENTS = WhereToFit/WhereToFit.entitlements;
				"CODE_SIGN_IDENTITY[sdk=iphoneos*]" = "iPhone Developer";
				CODE_SIGN_STYLE = Manual;
				CURRENT_PROJECT_VERSION = 1;
				DEVELOPMENT_TEAM = "";
				"DEVELOPMENT_TEAM[sdk=iphoneos*]" = Q7HGK38S83;
				GENERATE_INFOPLIST_FILE = YES;
				INFOPLIST_FILE = WhereToFit/Info.plist;
				INFOPLIST_KEY_LSApplicationCategoryType = "public.app-category.healthcare-fitness";
				INFOPLIST_KEY_UIApplicationSupportsIndirectInputEvents = YES;
				INFOPLIST_KEY_UILaunchStoryboardName = LaunchScreen;
				INFOPLIST_KEY_UISupportedInterfaceOrientations = UIInterfaceOrientationPortrait;
				INFOPLIST_KEY_UISupportedInterfaceOrientations_iPad = "UIInterfaceOrientationLandscapeLeft UIInterfaceOrientationLandscapeRight UIInterfaceOrientationPortrait UIInterfaceOrientationPortraitUpsideDown";
				IPHONEOS_DEPLOYMENT_TARGET = 17.0;
				LD_RUNPATH_SEARCH_PATHS = (
					"$(inherited)",
					"@executable_path/Frameworks",
				);
				MARKETING_VERSION = 1.0;
				NAVER_MAP_CLIENT_ID = efs7w12i0g;
				PRODUCT_BUNDLE_IDENTIFIER = Jooslin.com.WhereToFit;
				PRODUCT_NAME = "$(TARGET_NAME)";
				PROVISIONING_PROFILE_SPECIFIER = "";
				"PROVISIONING_PROFILE_SPECIFIER[sdk=iphoneos*]" = WhereToFit;
				STRING_CATALOG_GENERATE_SYMBOLS = YES;
				SUPPORTED_PLATFORMS = "iphoneos iphonesimulator";
				SUPPORTS_MACCATALYST = NO;
				SUPPORTS_MAC_DESIGNED_FOR_IPHONE_IPAD = NO;
				SUPPORTS_XR_DESIGNED_FOR_IPHONE_IPAD = NO;
				SWIFT_APPROACHABLE_CONCURRENCY = YES;
				SWIFT_DEFAULT_ACTOR_ISOLATION = MainActor;
				SWIFT_EMIT_LOC_STRINGS = YES;
				SWIFT_UPCOMING_FEATURE_MEMBER_IMPORT_VISIBILITY = YES;
				SWIFT_VERSION = 5.0;
				TARGETED_DEVICE_FAMILY = 1;
			};
			name = Debug;
		};
		F9B36D142FBC13FD006BCED0 /* Release */ = {
			isa = XCBuildConfiguration;
			buildSettings = {
				ASSETCATALOG_COMPILER_APPICON_NAME = AppIcon;
				ASSETCATALOG_COMPILER_GLOBAL_ACCENT_COLOR_NAME = AccentColor;
				CODE_SIGN_ENTITLEMENTS = WhereToFit/WhereToFit.entitlements;
				"CODE_SIGN_IDENTITY[sdk=iphoneos*]" = "iPhone Developer";
				CODE_SIGN_STYLE = Manual;
				CURRENT_PROJECT_VERSION = 1;
				DEVELOPMENT_TEAM = "";
				"DEVELOPMENT_TEAM[sdk=iphoneos*]" = Q7HGK38S83;
				GENERATE_INFOPLIST_FILE = YES;
				INFOPLIST_FILE = WhereToFit/Info.plist;
				INFOPLIST_KEY_LSApplicationCategoryType = "public.app-category.healthcare-fitness";
				INFOPLIST_KEY_UIApplicationSupportsIndirectInputEvents = YES;
				INFOPLIST_KEY_UILaunchStoryboardName = LaunchScreen;
				INFOPLIST_KEY_UISupportedInterfaceOrientations = UIInterfaceOrientationPortrait;
				INFOPLIST_KEY_UISupportedInterfaceOrientations_iPad = "UIInterfaceOrientationLandscapeLeft UIInterfaceOrientationLandscapeRight UIInterfaceOrientationPortrait UIInterfaceOrientationPortraitUpsideDown";
				IPHONEOS_DEPLOYMENT_TARGET = 17.0;
				LD_RUNPATH_SEARCH_PATHS = (
					"$(inherited)",
					"@executable_path/Frameworks",
				);
				MARKETING_VERSION = 1.0;
				NAVER_MAP_CLIENT_ID = efs7w12i0g;
				PRODUCT_BUNDLE_IDENTIFIER = Jooslin.com.WhereToFit;
				PRODUCT_NAME = "$(TARGET_NAME)";
				PROVISIONING_PROFILE_SPECIFIER = "";
				"PROVISIONING_PROFILE_SPECIFIER[sdk=iphoneos*]" = WhereToFit;
				STRING_CATALOG_GENERATE_SYMBOLS = YES;
				SUPPORTED_PLATFORMS = "iphoneos iphonesimulator";
				SUPPORTS_MACCATALYST = NO;
				SUPPORTS_MAC_DESIGNED_FOR_IPHONE_IPAD = NO;
				SUPPORTS_XR_DESIGNED_FOR_IPHONE_IPAD = NO;
				SWIFT_APPROACHABLE_CONCURRENCY = YES;
				SWIFT_DEFAULT_ACTOR_ISOLATION = MainActor;
				SWIFT_EMIT_LOC_STRINGS = YES;
				SWIFT_UPCOMING_FEATURE_MEMBER_IMPORT_VISIBILITY = YES;
				SWIFT_VERSION = 5.0;
				TARGETED_DEVICE_FAMILY = 1;
			};
			name = Release;
		};
		F9B36D152FBC13FD006BCED0 /* Debug */ = {
			isa = XCBuildConfiguration;
			buildSettings = {
				ALWAYS_SEARCH_USER_PATHS = NO;
				ASSETCATALOG_COMPILER_GENERATE_SWIFT_ASSET_SYMBOL_EXTENSIONS = YES;
				CLANG_ANALYZER_NONNULL = YES;
				CLANG_ANALYZER_NUMBER_OBJECT_CONVERSION = YES_AGGRESSIVE;
				CLANG_CXX_LANGUAGE_STANDARD = "gnu++20";
				CLANG_ENABLE_MODULES = YES;
				CLANG_ENABLE_OBJC_ARC = YES;
				CLANG_ENABLE_OBJC_WEAK = YES;
				CLANG_WARN_BLOCK_CAPTURE_AUTORELEASING = YES;
				CLANG_WARN_BOOL_CONVERSION = YES;
				CLANG_WARN_COMMA = YES;
				CLANG_WARN_CONSTANT_CONVERSION = YES;
				CLANG_WARN_DEPRECATED_OBJC_IMPLEMENTATIONS = YES;
				CLANG_WARN_DIRECT_OBJC_ISA_USAGE = YES_ERROR;
				CLANG_WARN_DOCUMENTATION_COMMENTS = YES;
				CLANG_WARN_EMPTY_BODY = YES;
				CLANG_WARN_ENUM_CONVERSION = YES;
				CLANG_WARN_INFINITE_RECURSION = YES;
				CLANG_WARN_INT_CONVERSION = YES;
				CLANG_WARN_NON_LITERAL_NULL_CONVERSION = YES;
				CLANG_WARN_OBJC_IMPLICIT_RETAIN_SELF = YES;
				CLANG_WARN_OBJC_LITERAL_CONVERSION = YES;
				CLANG_WARN_OBJC_ROOT_CLASS = YES_ERROR;
				CLANG_WARN_QUOTED_INCLUDE_IN_FRAMEWORK_HEADER = YES;
				CLANG_WARN_RANGE_LOOP_ANALYSIS = YES;
				CLANG_WARN_STRICT_PROTOTYPES = YES;
				CLANG_WARN_SUSPICIOUS_MOVE = YES;
				CLANG_WARN_UNGUARDED_AVAILABILITY = YES_AGGRESSIVE;
				CLANG_WARN_UNREACHABLE_CODE = YES;
				CLANG_WARN__DUPLICATE_METHOD_MATCH = YES;
				COPY_PHASE_STRIP = NO;
				DEBUG_INFORMATION_FORMAT = dwarf;
				ENABLE_STRICT_OBJC_MSGSEND = YES;
				ENABLE_TESTABILITY = YES;
				ENABLE_USER_SCRIPT_SANDBOXING = YES;
				GCC_C_LANGUAGE_STANDARD = gnu17;
				GCC_DYNAMIC_NO_PIC = NO;
				GCC_NO_COMMON_BLOCKS = YES;
				GCC_OPTIMIZATION_LEVEL = 0;
				GCC_PREPROCESSOR_DEFINITIONS = (
					"DEBUG=1",
					"$(inherited)",
				);
				GCC_WARN_64_TO_32_BIT_CONVERSION = YES;
				GCC_WARN_ABOUT_RETURN_TYPE = YES_ERROR;
				GCC_WARN_UNDECLARED_SELECTOR = YES;
				GCC_WARN_UNINITIALIZED_AUTOS = YES_AGGRESSIVE;
				GCC_WARN_UNUSED_FUNCTION = YES;
				GCC_WARN_UNUSED_VARIABLE = YES;
				IPHONEOS_DEPLOYMENT_TARGET = 26.5;
				LOCALIZATION_PREFERS_STRING_CATALOGS = YES;
				MTL_ENABLE_DEBUG_INFO = INCLUDE_SOURCE;
				MTL_FAST_MATH = YES;
				ONLY_ACTIVE_ARCH = YES;
				SDKROOT = iphoneos;
				SWIFT_ACTIVE_COMPILATION_CONDITIONS = "DEBUG $(inherited)";
				SWIFT_OPTIMIZATION_LEVEL = "-Onone";
			};
			name = Debug;
		};
		F9B36D162FBC13FD006BCED0 /* Release */ = {
			isa = XCBuildConfiguration;
			buildSettings = {
				ALWAYS_SEARCH_USER_PATHS = NO;
				ASSETCATALOG_COMPILER_GENERATE_SWIFT_ASSET_SYMBOL_EXTENSIONS = YES;
				CLANG_ANALYZER_NONNULL = YES;
				CLANG_ANALYZER_NUMBER_OBJECT_CONVERSION = YES_AGGRESSIVE;
				CLANG_CXX_LANGUAGE_STANDARD = "gnu++20";
				CLANG_ENABLE_MODULES = YES;
				CLANG_ENABLE_OBJC_ARC = YES;
				CLANG_ENABLE_OBJC_WEAK = YES;
				CLANG_WARN_BLOCK_CAPTURE_AUTORELEASING = YES;
				CLANG_WARN_BOOL_CONVERSION = YES;
				CLANG_WARN_COMMA = YES;
				CLANG_WARN_CONSTANT_CONVERSION = YES;
				CLANG_WARN_DEPRECATED_OBJC_IMPLEMENTATIONS = YES;
				CLANG_WARN_DIRECT_OBJC_ISA_USAGE = YES_ERROR;
				CLANG_WARN_DOCUMENTATION_COMMENTS = YES;
				CLANG_WARN_EMPTY_BODY = YES;
				CLANG_WARN_ENUM_CONVERSION = YES;
				CLANG_WARN_INFINITE_RECURSION = YES;
				CLANG_WARN_INT_CONVERSION = YES;
				CLANG_WARN_NON_LITERAL_NULL_CONVERSION = YES;
				CLANG_WARN_OBJC_IMPLICIT_RETAIN_SELF = YES;
				CLANG_WARN_OBJC_LITERAL_CONVERSION = YES;
				CLANG_WARN_OBJC_ROOT_CLASS = YES_ERROR;
				CLANG_WARN_QUOTED_INCLUDE_IN_FRAMEWORK_HEADER = YES;
				CLANG_WARN_RANGE_LOOP_ANALYSIS = YES;
				CLANG_WARN_STRICT_PROTOTYPES = YES;
				CLANG_WARN_SUSPICIOUS_MOVE = YES;
				CLANG_WARN_UNGUARDED_AVAILABILITY = YES_AGGRESSIVE;
				CLANG_WARN_UNREACHABLE_CODE = YES;
				CLANG_WARN__DUPLICATE_METHOD_MATCH = YES;
				COPY_PHASE_STRIP = NO;
				DEBUG_INFORMATION_FORMAT = "dwarf-with-dsym";
				ENABLE_NS_ASSERTIONS = NO;
				ENABLE_STRICT_OBJC_MSGSEND = YES;
				ENABLE_USER_SCRIPT_SANDBOXING = YES;
				GCC_C_LANGUAGE_STANDARD = gnu17;
				GCC_NO_COMMON_BLOCKS = YES;
				GCC_WARN_64_TO_32_BIT_CONVERSION = YES;
				GCC_WARN_ABOUT_RETURN_TYPE = YES_ERROR;
				GCC_WARN_UNDECLARED_SELECTOR = YES;
				GCC_WARN_UNINITIALIZED_AUTOS = YES_AGGRESSIVE;
				GCC_WARN_UNUSED_FUNCTION = YES;
				GCC_WARN_UNUSED_VARIABLE = YES;
				IPHONEOS_DEPLOYMENT_TARGET = 26.5;
				LOCALIZATION_PREFERS_STRING_CATALOGS = YES;
				MTL_ENABLE_DEBUG_INFO = NO;
				MTL_FAST_MATH = YES;
				SDKROOT = iphoneos;
				SWIFT_COMPILATION_MODE = wholemodule;
				VALIDATE_PRODUCT = YES;
			};
			name = Release;
		};
/* End XCBuildConfiguration section */

/* Begin XCConfigurationList section */
		F9B36CF62FBC13FB006BCED0 /* Build configuration list for PBXProject "WhereToFit" */ = {
			isa = XCConfigurationList;
			buildConfigurations = (
				F9B36D152FBC13FD006BCED0 /* Debug */,
				F9B36D162FBC13FD006BCED0 /* Release */,
			);
			defaultConfigurationIsVisible = 0;
			defaultConfigurationName = Release;
		};
		F9B36D122FBC13FD006BCED0 /* Build configuration list for PBXNativeTarget "WhereToFit" */ = {
			isa = XCConfigurationList;
			buildConfigurations = (
				F9B36D132FBC13FD006BCED0 /* Debug */,
				F9B36D142FBC13FD006BCED0 /* Release */,
			);
			defaultConfigurationIsVisible = 0;
			defaultConfigurationName = Release;
		};
/* End XCConfigurationList section */

/* Begin XCRemoteSwiftPackageReference section */
		F9B36D172FBC47C0006BCED0 /* XCRemoteSwiftPackageReference "SnapKit" */ = {
			isa = XCRemoteSwiftPackageReference;
			repositoryURL = "https://github.com/SnapKit/SnapKit.git";
			requirement = {
				kind = upToNextMajorVersion;
				minimumVersion = 5.7.1;
			};
		};
		F9B36D1A2FBC47E8006BCED0 /* XCRemoteSwiftPackageReference "Then" */ = {
			isa = XCRemoteSwiftPackageReference;
			repositoryURL = "https://github.com/devxoul/Then";
			requirement = {
				kind = upToNextMajorVersion;
				minimumVersion = 3.0.0;
			};
		};
		F9B36D1D2FBC4848006BCED0 /* XCRemoteSwiftPackageReference "ReactorKit" */ = {
			isa = XCRemoteSwiftPackageReference;
			repositoryURL = "https://github.com/ReactorKit/ReactorKit";
			requirement = {
				kind = upToNextMajorVersion;
				minimumVersion = 3.2.0;
			};
		};
		F9B36D202FBC4BE3006BCED0 /* XCRemoteSwiftPackageReference "RxFlow" */ = {
			isa = XCRemoteSwiftPackageReference;
			repositoryURL = "https://github.com/RxSwiftCommunity/RxFlow";
			requirement = {
				kind = upToNextMajorVersion;
				minimumVersion = 2.13.2;
			};
		};
		F9B36D232FBC4C09006BCED0 /* XCRemoteSwiftPackageReference "rxswift" */ = {
			isa = XCRemoteSwiftPackageReference;
			repositoryURL = "https://github.com/reactivex/rxswift";
			requirement = {
				kind = upToNextMajorVersion;
				minimumVersion = 6.10.2;
			};
		};
		F9B36D2A2FBC4C4B006BCED0 /* XCRemoteSwiftPackageReference "Alamofire" */ = {
			isa = XCRemoteSwiftPackageReference;
			repositoryURL = "https://github.com/Alamofire/Alamofire";
			requirement = {
				kind = upToNextMajorVersion;
				minimumVersion = 5.12.0;
			};
		};
		F9B36D2D2FBC4C6E006BCED0 /* XCRemoteSwiftPackageReference "Kingfisher" */ = {
			isa = XCRemoteSwiftPackageReference;
			repositoryURL = "https://github.com/onevcat/Kingfisher";
			requirement = {
				kind = upToNextMajorVersion;
				minimumVersion = 8.9.0;
			};
		};
		F9B36D302FBD0000006BCED0 /* XCRemoteSwiftPackageReference "SPM-NMapsMap" */ = {
			isa = XCRemoteSwiftPackageReference;
			repositoryURL = "https://github.com/navermaps/SPM-NMapsMap";
			requirement = {
				kind = upToNextMajorVersion;
				minimumVersion = 3.23.2;
			};
		};
/* End XCRemoteSwiftPackageReference section */

/* Begin XCSwiftPackageProductDependency section */
		F9B36D182FBC47C0006BCED0 /* SnapKit */ = {
			isa = XCSwiftPackageProductDependency;
			package = F9B36D172FBC47C0006BCED0 /* XCRemoteSwiftPackageReference "SnapKit" */;
			productName = SnapKit;
		};
		F9B36D1B2FBC47E8006BCED0 /* Then */ = {
			isa = XCSwiftPackageProductDependency;
			package = F9B36D1A2FBC47E8006BCED0 /* XCRemoteSwiftPackageReference "Then" */;
			productName = Then;
		};
		F9B36D1E2FBC4848006BCED0 /* ReactorKit */ = {
			isa = XCSwiftPackageProductDependency;
			package = F9B36D1D2FBC4848006BCED0 /* XCRemoteSwiftPackageReference "ReactorKit" */;
			productName = ReactorKit;
		};
		F9B36D212FBC4BE3006BCED0 /* RxFlow */ = {
			isa = XCSwiftPackageProductDependency;
			package = F9B36D202FBC4BE3006BCED0 /* XCRemoteSwiftPackageReference "RxFlow" */;
			productName = RxFlow;
		};
		F9B36D242FBC4C09006BCED0 /* RxCocoa */ = {
			isa = XCSwiftPackageProductDependency;
			package = F9B36D232FBC4C09006BCED0 /* XCRemoteSwiftPackageReference "rxswift" */;
			productName = RxCocoa;
		};
		F9B36D262FBC4C09006BCED0 /* RxRelay */ = {
			isa = XCSwiftPackageProductDependency;
			package = F9B36D232FBC4C09006BCED0 /* XCRemoteSwiftPackageReference "rxswift" */;
			productName = RxRelay;
		};
		F9B36D282FBC4C09006BCED0 /* RxSwift */ = {
			isa = XCSwiftPackageProductDependency;
			package = F9B36D232FBC4C09006BCED0 /* XCRemoteSwiftPackageReference "rxswift" */;
			productName = RxSwift;
		};
		F9B36D2B2FBC4C4B006BCED0 /* Alamofire */ = {
			isa = XCSwiftPackageProductDependency;
			package = F9B36D2A2FBC4C4B006BCED0 /* XCRemoteSwiftPackageReference "Alamofire" */;
			productName = Alamofire;
		};
		F9B36D2E2FBC4C6E006BCED0 /* Kingfisher */ = {
			isa = XCSwiftPackageProductDependency;
			package = F9B36D2D2FBC4C6E006BCED0 /* XCRemoteSwiftPackageReference "Kingfisher" */;
			productName = Kingfisher;
		};
		F9B36D312FBD0000006BCED0 /* NMapsMap */ = {
			isa = XCSwiftPackageProductDependency;
			package = F9B36D302FBD0000006BCED0 /* XCRemoteSwiftPackageReference "SPM-NMapsMap" */;
			productName = NMapsMap;
		};
/* End XCSwiftPackageProductDependency section */
	};
	rootObject = F9B36CF32FBC13FB006BCED0 /* Project object */;
}
